
Microsoft Visual Studio Solution File, Format Version 12.00
# Visual Studio Version 17
VisualStudioVersion = 17.0.31903.59
MinimumVisualStudioVersion = 10.0.40219.1
Project("{2150E333-8FDC-42A3-9474-1A3956D46DE8}") = "src", "src", "{827E0CD3-B72D-47B6-A68D-7590B98EB39B}"
EndProject
Project("{FAE04EC0-301F-11D3-BF4B-00C04F79EFBC}") = "ContactFinder.Simple", "src\ContactFinder.Simple\ContactFinder.Simple.csproj", "{E8648F8C-05EF-45A6-BEA1-E6EA7980EA79}"
EndProject
Project("{2150E333-8FDC-42A3-9474-1A3956D46DE8}") = "tests", "tests", "{0AB3BF05-4346-4AA6-1389-037BE0695223}"
EndProject
Project("{FAE04EC0-301F-11D3-BF4B-00C04F79EFBC}") = "ContactFinder.Simple.Tests", "tests\ContactFinder.Simple.Tests\ContactFinder.Simple.Tests.csproj", "{4FA83AE4-0DB1-44FB-9C1F-E70291FE4C21}"
EndProject
Project("{FAE04EC0-301F-11D3-BF4B-00C04F79EFBC}") = "ContactFinder.AdvancedRepl", "src\ContactFinder.AdvancedRepl\ContactFinder.AdvancedRepl.csproj", "{4751EA14-3BEB-4355-9A12-DC844827D331}"
EndProject
Project("{FAE04EC0-301F-11D3-BF4B-00C04F79EFBC}") = "ContactFinder.AdvancedRepl.Tests", "tests\ContactFinder.AdvancedRepl.Tests\ContactFinder.AdvancedRepl.Tests.csproj", "{D8F5D51C-12AE-4CFF-AE2C-31F6E559B2CE}"
EndProject
Project("{FAE04EC0-301F-11D3-BF4B-00C04F79EFBC}") = "ContactFinder.AdvancedCommandLine", "src\ContactFinder.AdvancedCommandLine\ContactFinder.AdvancedCommandLine.csproj", "{96C5C6D0-95CF-4DFE-8C77-A37D86C657D7}"
EndProject
Project("{FAE04EC0-301F-11D3-BF4B-00C04F79EFBC}") = "ContactFinder.AdvancedCommandLine.Tests", "tests\ContactFinder.AdvancedCommandLine.Tests\ContactFinder.AdvancedCommandLine.Tests.csproj", "{C00E8AE6-2EE9-4D9D-8F00-DFCACE84D095}"
EndProject
Project("{FAE04EC0-301F-11D3-BF4B-00C04F79EFBC}") = "ContactFinder.Core", "src\ContactFinder.Core\ContactFinder.Core.csproj", "{40FD2DA3-7AD9-4A65-AC40-6173F5B5FE9D}"
EndProject
Global
	GlobalSection(SolutionConfigurationPlatforms) = preSolution
		Debug|Any CPU = Debug|Any CPU
		Debug|x64 = Debug|x64
		Debug|x86 = Debug|x86
		Release|Any CPU = Release|Any CPU
		Release|x64 = Release|x64
		Release|x86 = Release|x86
	EndGlobalSection
	GlobalSection(ProjectConfigurationPlatforms) = postSolution
		{E8648F8C-05EF-45A6-BEA1-E6EA7980EA79}.Debug|Any CPU.ActiveCfg = Debug|Any CPU
		{E8648F8C-05EF-45A6-BEA1-E6EA7980EA79}.Debug|Any CPU.Build.0 = Debug|Any CPU
		{E8648F8C-05EF-45A6-BEA1-E6EA7980EA79}.Debug|x64.ActiveCfg = Debug|Any CPU
		{E8648F8C-05EF-45A6-BEA1-E6EA7980EA79}.Debug|x64.Build.0 = Debug|Any CPU
		{E8648F8C-05EF-45A6-BEA1-E6EA7980EA79}.Debug|x86.ActiveCfg = Debug|Any CPU
		{E8648F8C-05EF-45A6-BEA1-E6EA7980EA79}.Debug|x86.Build.0 = Debug|Any CPU
		{E8648F8C-05EF-45A6-BEA1-E6EA7980EA79}.Release|Any CPU.ActiveCfg = Release|Any CPU
		{E8648F8C-05EF-45A6-BEA1-E6EA7980EA79}.Release|Any CPU.Build.0 = Release|Any CPU
		{E8648F8C-05EF-45A6-BEA1-E6EA7980EA79}.Release|x64.ActiveCfg = Release|Any CPU
		{E8648F8C-05EF-45A6-BEA1-E6EA7980EA79}.Release|x64.Build.0 = Release|Any CPU
		{E8648F8C-05EF-45A6-BEA1-E6EA7980EA79}.Release|x86.ActiveCfg = Release|Any CPU
		{E8648F8C-05EF-45A6-BEA1-E6EA7980EA79}.Release|x86.Build.0 = Release|Any CPU
		{4FA83AE4-0DB1-44FB-9C1F-E70291FE4C21}.Debug|Any CPU.ActiveCfg = Debug|Any CPU
		{4FA83AE4-0DB1-44FB-9C1F-E70291FE4C21}.Debug|Any CPU.Build.0 = Debug|Any CPU
		{4FA83AE4-0DB1-44FB-9C1F-E70291FE4C21}.Debug|x64.ActiveCfg = Debug|Any CPU
		{4FA83AE4-0DB1-44FB-9C1F-E70291FE4C21}.Debug|x64.Build.0 = Debug|Any CPU
		{4FA83AE4-0DB1-44FB-9C1F-E70291FE4C21}.Debug|x86.ActiveCfg = Debug|Any CPU
		{4FA83AE4-0DB1-44FB-9C1F-E70291FE4C21}.Debug|x86.Build.0 = Debug|Any CPU
		{4FA83AE4-0DB1-44FB-9C1F-E70291FE4C21}.Release|Any CPU.ActiveCfg = Release|Any CPU
		{4FA83AE4-0DB1-44FB-9C1F-E70291FE4C21}.Release|Any CPU.Build.0 = Release|Any CPU
		{4FA83AE4-0DB1-44FB-9C1F-E70291FE4C21}.Release|x64.ActiveCfg = Release|Any CPU
		{4FA83AE4-0DB1-44FB-9C1F-E70291FE4C21}.Release|x64.Build.0 = Release|Any CPU
		{4FA83AE4-0DB1-44FB-9C1F-E70291FE4C21}.Release|x86.ActiveCfg = Release|Any CPU
		{4FA83AE4-0DB1-44FB-9C1F-E70291FE4C21}.Release|x86.Build.0 = Release|Any CPU
		{4751EA14-3BEB-4355-9A12-DC844827D331}.Debug|Any CPU.ActiveCfg = Debug|Any CPU
		{4751EA14-3BEB-4355-9A12-DC844827D331}.Debug|Any CPU.Build.0 = Debug|Any CPU
		{4751EA14-3BEB-4355-9A12-DC844827D331}.Debug|x64.ActiveCfg = Debug|Any CPU
		{4751EA14-3BEB-4355-9A12-DC844827D331}.Debug|x64.Build.0 = Debug|Any CPU
		{4751EA14-3BEB-4355-9A12-DC844827D331}.Debug|x86.ActiveCfg = Debug|Any CPU
		{4751EA14-3BEB-4355-9A12-DC844827D331}.Debug|x86.Build.0 = Debug|Any CPU
		{4751EA14-3BEB-4355-9A12-DC844827D331}.Release|Any CPU.ActiveCfg = Release|Any CPU
		{4751EA14-3BEB-4355-9A12-DC844827D331}.Release|Any CPU.Build.0 = Release|Any CPU
		{4751EA14-3BEB-4355-9A12-DC844827D331}.Release|x64.ActiveCfg = Release|Any CPU
		{4751EA14-3BEB-4355-9A12-DC844827D331}.Release|x64.Build.0 = Release|Any CPU
		{4751EA14-3BEB-4355-9A12-DC844827D331}.Release|x86.ActiveCfg = Release|Any CPU
		{4751EA14-3BEB-4355-9A12-DC844827D331}.Release|x86.Build.0 = Release|Any CPU
		{D8F5D51C-12AE-4CFF-AE2C-31F6E559B2CE}.Debug|Any CPU.ActiveCfg = Debug|Any CPU
		{D8F5D51C-12AE-4CFF-AE2C-31F6E559B2CE}.Debug|Any CPU.Build.0 = Debug|Any CPU
		{D8F5D51C-12AE-4CFF-AE2C-31F6E559B2CE}.Debug|x64.ActiveCfg = Debug|Any CPU
		{D8F5D51C-12AE-4CFF-AE2C-31F6E559B2CE}.Debug|x64.Build.0 = Debug|Any CPU
		{D8F5D51C-12AE-4CFF-AE2C-31F6E559B2CE}.Debug|x86.ActiveCfg = Debug|Any CPU
		{D8F5D51C-12AE-4CFF-AE2C-31F6E559B2CE}.Debug|x86.Build.0 = Debug|Any CPU
		{D8F5D51C-12AE-4CFF-AE2C-31F6E559B2CE}.Release|Any CPU.ActiveCfg = Release|Any CPU
		{D8F5D51C-12AE-4CFF-AE2C-31F6E559B2CE}.Release|Any CPU.Build.0 = Release|Any CPU
		{D8F5D51C-12AE-4CFF-AE2C-31F6E559B2CE}.Release|x64.ActiveCfg = Release|Any CPU
		{D8F5D51C-12AE-4CFF-AE2C-31F6E559B2CE}.Release|x64.Build.0 = Release|Any CPU
		{D8F5D51C-12AE-4CFF-AE2C-31F6E559B2CE}.Release|x86.ActiveCfg = Release|Any CPU
		{D8F5D51C-12AE-4CFF-AE2C-31F6E559B2CE}.Release|x86.Build.0 = Release|Any CPU
		{96C5C6D0-95CF-4DFE-8C77-A37D86C657D7}.Debug|Any CPU.ActiveCfg = Debug|Any CPU
		{96C5C6D0-95CF-4DFE-8C77-A37D86C657D7}.Debug|Any CPU.Build.0 = Debug|Any CPU
		{96C5C6D0-95CF-4DFE-8C77-A37D86C657D7}.Debug|x64.ActiveCfg = Debug|Any CPU
		{96C5C6D0-95CF-4DFE-8C77-A37D86C657D7}.Debug|x64.Build.0 = Debug|Any CPU
		{96C5C6D0-95CF-4DFE-8C77-A37D86C657D7}.Debug|x86.ActiveCfg = Debug|Any CPU
		{96C5C6D0-95CF-4DFE-8C77-A37D86C657D7}.Debug|x86.Build.0 = Debug|Any CPU
		{96C5C6D0-95CF-4DFE-8C77-A37D86C657D7}.Release|Any CPU.ActiveCfg = Release|Any CPU
		{96C5C6D0-95CF-4DFE-8C77-A37D86C657D7}.Release|Any CPU.Build.0 = Release|Any CPU
		{96C5C6D0-95CF-4DFE-8C77-A37D86C657D7}.Release|x64.ActiveCfg = Release|Any CPU
		{96C5C6D0-95CF-4DFE-8C77-A37D86C657D7}.Release|x64.Build.0 = Release|Any CPU
		{96C5C6D0-95CF-4DFE-8C77-A37D86C657D7}.Release|x86.ActiveCfg = Release|Any CPU
		{96C5C6D0-95CF-4DFE-8C77-A37D86C657D7}.Release|x86.Build.0 = Release|Any CPU
		{C00E8AE6-2EE9-4D9D-8F00-DFCACE84D095}.Debug|Any CPU.ActiveCfg = Debug|Any CPU
		{C00E8AE6-2EE9-4D9D-8F00-DFCACE84D095}.Debug|Any CPU.Build.0 = Debug|Any CPU
		{C00E8AE6-2EE9-4D9D-8F00-DFCACE84D095}.Debug|x64.ActiveCfg = Debug|Any CPU
		{C00E8AE6-2EE9-4D9D-8F00-DFCACE84D095}.Debug|x64.Build.0 = Debug|Any CPU
		{C00E8AE6-2EE9-4D9D-8F00-DFCACE84D095}.Debug|x86.ActiveCfg = Debug|Any CPU
		{C00E8AE6-2EE9-4D9D-8F00-DFCACE84D095}.Debug|x86.Build.0 = Debug|Any CPU
		{C00E8AE6-2EE9-4D9D-8F00-DFCACE84D095}.Release|Any CPU.ActiveCfg = Release|Any CPU
		{C00E8AE6-2EE9-4D9D-8F00-DFCACE84D095}.Release|Any CPU.Build.0 = Release|Any CPU
		{C00E8AE6-2EE9-4D9D-8F00-DFCACE84D095}.Release|x64.ActiveCfg = Release|Any CPU
		{C00E8AE6-2EE9-4D9D-8F00-DFCACE84D095}.Release|x64.Build.0 = Release|Any CPU
		{C00E8AE6-2EE9-4D9D-8F00-DFCACE84D095}.Release|x86.ActiveCfg = Release|Any CPU
		{C00E8AE6-2EE9-4D9D-8F00-DFCACE84D095}.Release|x86.Build.0 = Release|Any CPU
		{40FD2DA3-7AD9-4A65-AC40-6173F5B5FE9D}.Debug|Any CPU.ActiveCfg = Debug|Any CPU
		{40FD2DA3-7AD9-4A65-AC40-6173F5B5FE9D}.Debug|Any CPU.Build.0 = Debug|Any CPU
		{40FD2DA3-7AD9-4A65-AC40-6173F5B5FE9D}.Debug|x64.ActiveCfg = Debug|Any CPU
		{40FD2DA3-7AD9-4A65-AC40-6173F5B5FE9D}.Debug|x64.Build.0 = Debug|Any CPU
		{40FD2DA3-7AD9-4A65-AC40-6173F5B5FE9D}.Debug|x86.ActiveCfg = Debug|Any CPU
		{40FD2DA3-7AD9-4A65-AC40-6173F5B5FE9D}.Debug|x86.Build.0 = Debug|Any CPU
		{40FD2DA3-7AD9-4A65-AC40-6173F5B5FE9D}.Release|Any CPU.ActiveCfg = Release|Any CPU
		{40FD2DA3-7AD9-4A65-AC40-6173F5B5FE9D}.Release|Any CPU.Build.0 = Release|Any CPU
		{40FD2DA3-7AD9-4A65-AC40-6173F5B5FE9D}.Release|x64.ActiveCfg = Release|Any CPU
		{40FD2DA3-7AD9-4A65-AC40-6173F5B5FE9D}.Release|x64.Build.0 = Release|Any CPU
		{40FD2DA3-7AD9-4A65-AC40-6173F5B5FE9D}.Release|x86.ActiveCfg = Release|Any CPU
		{40FD2DA3-7AD9-4A65-AC40-6173F5B5FE9D}.Release|x86.Build.0 = Release|Any CPU
	EndGlobalSection
	GlobalSection(SolutionProperties) = preSolution
		HideSolutionNode = FALSE
	EndGlobalSection
	GlobalSection(NestedProjects) = preSolution
		{E8648F8C-05EF-45A6-BEA1-E6EA7980EA79} = {827E0CD3-B72D-47B6-A68D-7590B98EB39B}
		{4FA83AE4-0DB1-44FB-9C1F-E70291FE4C21} = {0AB3BF05-4346-4AA6-1389-037BE0695223}
		{4751EA14-3BEB-4355-9A12-DC844827D331} = {827E0CD3-B72D-47B6-A68D-7590B98EB39B}
		{D8F5D51C-12AE-4CFF-AE2C-31F6E559B2CE} = {0AB3BF05-4346-4AA6-1389-037BE0695223}
		{96C5C6D0-95CF-4DFE-8C77-A37D86C657D7} = {827E0CD3-B72D-47B6-A68D-7590B98EB39B}
		{C00E8AE6-2EE9-4D9D-8F00-DFCACE84D095} = {0AB3BF05-4346-4AA6-1389-037BE0695223}
		{40FD2DA3-7AD9-4A65-AC40-6173F5B5FE9D} = {827E0CD3-B72D-47B6-A68D-7590B98EB39B}
	EndGlobalSection
	GlobalSection(ExtensibilityGlobals) = postSolution
		SolutionGuid = {A6049F61-67DF-46AF-B1BE-9CC7E551E836}
	EndGlobalSection
EndGlobal
